{
  "name": "vdk-jupyterlab-extension-ui-tests",
  "version": "1.0.0",
  "lockfileVersion": 3,
  "requires": true,
  "packages": {
    "": {
      "name": "vdk-jupyterlab-extension-ui-tests",
      "version": "1.0.0",
      "dependencies": {
        "@stdlib/stats": "^0.0.13",
        "vdk-jupyterlab-extension-ui-tests": "file:"
      }
    },
    "node_modules/@stdlib/array": {
      "version": "0.0.12",
      "license": "Apache-2.0",
      "os": [
        "aix",
        "darwin",
        "freebsd",
        "linux",
        "macos",
        "openbsd",
        "sunos",
        "win32",
        "windows"
      ],
      "dependencies": {
        "@stdlib/assert": "^0.0.x",
        "@stdlib/blas": "^0.0.x",
        "@stdlib/complex": "^0.0.x",
        "@stdlib/constants": "^0.0.x",
        "@stdlib/math": "^0.0.x",
        "@stdlib/symbol": "^0.0.x",
        "@stdlib/types": "^0.0.x",
        "@stdlib/utils": "^0.0.x"
      },
      "engines": {
        "node": ">=0.10.0",
        "npm": ">2.7.0"
      },
      "funding": {
        "type": "patreon",
        "url": "https://www.patreon.com/athan"
      }
    },
    "node_modules/@stdlib/assert": {
      "version": "0.0.12",
      "resolved": "https://registry.npmjs.org/@stdlib/assert/-/assert-0.0.12.tgz",
      "integrity": "sha512-38FxFf+ZoQZbdc+m09UsWtaCmzd/2e7im0JOaaFYE7icmRfm+4KiE9BRvBT4tIn7ioLB2f9PsBicKjIsf+tY1w==",
      "os": [
        "aix",
        "darwin",
        "freebsd",
        "linux",
        "macos",
        "openbsd",
        "sunos",
        "win32",
        "windows"
      ],
      "dependencies": {
        "@stdlib/array": "^0.0.x",
        "@stdlib/cli": "^0.0.x",
        "@stdlib/complex": "^0.0.x",
        "@stdlib/constants": "^0.0.x",
        "@stdlib/fs": "^0.0.x",
        "@stdlib/math": "^0.0.x",
        "@stdlib/ndarray": "^0.0.x",
        "@stdlib/number": "^0.0.x",
        "@stdlib/os": "^0.0.x",
        "@stdlib/process": "^0.0.x",
        "@stdlib/regexp": "^0.0.x",
        "@stdlib/streams": "^0.0.x",
        "@stdlib/string": "^0.0.x",
        "@stdlib/symbol": "^0.0.x",
        "@stdlib/types": "^0.0.x",
        "@stdlib/utils": "^0.0.x"
      },
      "engines": {
        "node": ">=0.10.0",
        "npm": ">2.7.0"
      },
      "funding": {
        "type": "patreon",
        "url": "https://www.patreon.com/athan"
      }
    },
    "node_modules/@stdlib/bigint": {
      "version": "0.0.11",
      "license": "Apache-2.0",
      "os": [
        "aix",
        "darwin",
        "freebsd",
        "linux",
        "macos",
        "openbsd",
        "sunos",
        "win32",
        "windows"
      ],
      "dependencies": {
        "@stdlib/utils": "^0.0.x"
      },
      "engines": {
        "node": ">=0.10.0",
        "npm": ">2.7.0"
      },
      "funding": {
        "type": "patreon",
        "url": "https://www.patreon.com/athan"
      }
    },
    "node_modules/@stdlib/blas": {
      "version": "0.0.12",
      "resolved": "https://registry.npmjs.org/@stdlib/blas/-/blas-0.0.12.tgz",
      "integrity": "sha512-nWY749bWceuoWQ7gz977blCwR7lyQ/rsIXVO4b600h+NFpeA2i/ea7MYC680utIbeu2cnDWHdglBPoK535VAzA==",
      "os": [
        "aix",
        "darwin",
        "freebsd",
        "linux",
        "macos",
        "openbsd",
        "sunos",
        "win32",
        "windows"
      ],
      "dependencies": {
        "@stdlib/array": "^0.0.x",
        "@stdlib/assert": "^0.0.x",
        "@stdlib/math": "^0.0.x",
        "@stdlib/number": "^0.0.x",
        "@stdlib/types": "^0.0.x",
        "@stdlib/utils": "^0.0.x"
      },
      "engines": {
        "node": ">=0.10.0",
        "npm": ">2.7.0"
      },
      "funding": {
        "type": "patreon",
        "url": "https://www.patreon.com/athan"
      }
    },
    "node_modules/@stdlib/buffer": {
      "version": "0.0.11",
      "license": "Apache-2.0",
      "os": [
        "aix",
        "darwin",
        "freebsd",
        "linux",
        "macos",
        "openbsd",
        "sunos",
        "win32",
        "windows"
      ],
      "dependencies": {
        "@stdlib/array": "^0.0.x",
        "@stdlib/assert": "^0.0.x",
        "@stdlib/process": "^0.0.x",
        "@stdlib/types": "^0.0.x",
        "@stdlib/utils": "^0.0.x"
      },
      "engines": {
        "node": ">=0.10.0",
        "npm": ">2.7.0"
      },
      "funding": {
        "type": "patreon",
        "url": "https://www.patreon.com/athan"
      }
    },
    "node_modules/@stdlib/cli": {
      "version": "0.0.10",
      "license": "Apache-2.0",
      "os": [
        "aix",
        "darwin",
        "freebsd",
        "linux",
        "macos",
        "openbsd",
        "sunos",
        "win32",
        "windows"
      ],
      "dependencies": {
        "@stdlib/utils": "^0.0.x",
        "minimist": "^1.2.0"
      },
      "engines": {
        "node": ">=0.10.0",
        "npm": ">2.7.0"
      },
      "funding": {
        "type": "patreon",
        "url": "https://www.patreon.com/athan"
      }
    },
    "node_modules/@stdlib/complex": {
      "version": "0.0.12",
      "license": "Apache-2.0",
      "os": [
        "aix",
        "darwin",
        "freebsd",
        "linux",
        "macos",
        "openbsd",
        "sunos",
        "win32",
        "windows"
      ],
      "dependencies": {
        "@stdlib/array": "^0.0.x",
        "@stdlib/assert": "^0.0.x",
        "@stdlib/types": "^0.0.x",
        "@stdlib/utils": "^0.0.x"
      },
      "engines": {
        "node": ">=0.10.0",
        "npm": ">2.7.0"
      },
      "funding": {
        "type": "patreon",
        "url": "https://www.patreon.com/athan"
      }
    },
    "node_modules/@stdlib/constants": {
      "version": "0.0.11",
      "license": "Apache-2.0",
      "os": [
        "aix",
        "darwin",
        "freebsd",
        "linux",
        "macos",
        "openbsd",
        "sunos",
        "win32",
        "windows"
      ],
      "dependencies": {
        "@stdlib/array": "^0.0.x",
        "@stdlib/assert": "^0.0.x",
        "@stdlib/number": "^0.0.x",
        "@stdlib/utils": "^0.0.x"
      },
      "engines": {
        "node": ">=0.10.0",
        "npm": ">2.7.0"
      },
      "funding": {
        "type": "patreon",
        "url": "https://www.patreon.com/athan"
      }
    },
    "node_modules/@stdlib/fs": {
      "version": "0.0.12",
      "license": "Apache-2.0",
      "os": [
        "aix",
        "darwin",
        "freebsd",
        "linux",
        "macos",
        "openbsd",
        "sunos",
        "win32",
        "windows"
      ],
      "dependencies": {
        "@stdlib/array": "^0.0.x",
        "@stdlib/assert": "^0.0.x",
        "@stdlib/cli": "^0.0.x",
        "@stdlib/math": "^0.0.x",
        "@stdlib/process": "^0.0.x",
        "@stdlib/string": "^0.0.x",
        "@stdlib/utils": "^0.0.x",
        "debug": "^2.6.9"
      },
      "engines": {
        "node": ">=0.10.0",
        "npm": ">2.7.0"
      },
      "funding": {
        "type": "patreon",
        "url": "https://www.patreon.com/athan"
      }
    },
    "node_modules/@stdlib/math": {
      "version": "0.0.11",
      "resolved": "https://registry.npmjs.org/@stdlib/math/-/math-0.0.11.tgz",
      "integrity": "sha512-qI78sR1QqGjHj8k/aAqkZ51Su2fyBvaR/jMKQqcB/ML8bpYpf+QGlGvTty5Qdru/wpqds4kVFOVbWGcNFIV2+Q==",
      "os": [
        "aix",
        "darwin",
        "freebsd",
        "linux",
        "macos",
        "openbsd",
        "sunos",
        "win32",
        "windows"
      ],
      "dependencies": {
        "@stdlib/assert": "^0.0.x",
        "@stdlib/constants": "^0.0.x",
        "@stdlib/ndarray": "^0.0.x",
        "@stdlib/number": "^0.0.x",
        "@stdlib/strided": "^0.0.x",
        "@stdlib/symbol": "^0.0.x",
        "@stdlib/types": "^0.0.x",
        "@stdlib/utils": "^0.0.x",
        "debug": "^2.6.9"
      },
      "engines": {
        "node": ">=0.10.0",
        "npm": ">2.7.0"
      },
      "funding": {
        "type": "patreon",
        "url": "https://www.patreon.com/athan"
      }
    },
    "node_modules/@stdlib/ndarray": {
      "version": "0.0.13",
      "resolved": "https://registry.npmjs.org/@stdlib/ndarray/-/ndarray-0.0.13.tgz",
      "integrity": "sha512-Z+U9KJP4U2HWrLtuAXSPvhNetAdqaNLMcliR6S/fz+VPlFDeymRK7omRFMgVQ+1zcAvIgKZGJxpLC3vjiPUYEw==",
      "os": [
        "aix",
        "darwin",
        "freebsd",
        "linux",
        "macos",
        "openbsd",
        "sunos",
        "win32",
        "windows"
      ],
      "dependencies": {
        "@stdlib/array": "^0.0.x",
        "@stdlib/assert": "^0.0.x",
        "@stdlib/bigint": "^0.0.x",
        "@stdlib/buffer": "^0.0.x",
        "@stdlib/complex": "^0.0.x",
        "@stdlib/constants": "^0.0.x",
        "@stdlib/math": "^0.0.x",
        "@stdlib/number": "^0.0.x",
        "@stdlib/string": "^0.0.x",
        "@stdlib/types": "^0.0.x",
        "@stdlib/utils": "^0.0.x"
      },
      "engines": {
        "node": ">=0.10.0",
        "npm": ">2.7.0"
      },
      "funding": {
        "type": "patreon",
        "url": "https://www.patreon.com/athan"
      }
    },
    "node_modules/@stdlib/nlp": {
      "version": "0.0.11",
      "license": "Apache-2.0",
      "os": [
        "aix",
        "darwin",
        "freebsd",
        "linux",
        "macos",
        "openbsd",
        "sunos",
        "win32",
        "windows"
      ],
      "dependencies": {
        "@stdlib/array": "^0.0.x",
        "@stdlib/assert": "^0.0.x",
        "@stdlib/math": "^0.0.x",
        "@stdlib/random": "^0.0.x",
        "@stdlib/string": "^0.0.x",
        "@stdlib/utils": "^0.0.x"
      },
      "engines": {
        "node": ">=0.10.0",
        "npm": ">2.7.0"
      },
      "funding": {
        "type": "patreon",
        "url": "https://www.patreon.com/athan"
      }
    },
    "node_modules/@stdlib/number": {
      "version": "0.0.10",
      "license": "Apache-2.0",
      "os": [
        "aix",
        "darwin",
        "freebsd",
        "linux",
        "macos",
        "openbsd",
        "sunos",
        "win32",
        "windows"
      ],
      "dependencies": {
        "@stdlib/array": "^0.0.x",
        "@stdlib/assert": "^0.0.x",
        "@stdlib/constants": "^0.0.x",
        "@stdlib/math": "^0.0.x",
        "@stdlib/os": "^0.0.x",
        "@stdlib/string": "^0.0.x",
        "@stdlib/types": "^0.0.x",
        "@stdlib/utils": "^0.0.x"
      },
      "engines": {
        "node": ">=0.10.0",
        "npm": ">2.7.0"
      },
      "funding": {
        "type": "patreon",
        "url": "https://www.patreon.com/athan"
      }
    },
    "node_modules/@stdlib/os": {
      "version": "0.0.12",
      "license": "Apache-2.0",
      "os": [
        "aix",
        "darwin",
        "freebsd",
        "linux",
        "macos",
        "openbsd",
        "sunos",
        "win32",
        "windows"
      ],
      "dependencies": {
        "@stdlib/assert": "^0.0.x",
        "@stdlib/cli": "^0.0.x",
        "@stdlib/fs": "^0.0.x",
        "@stdlib/process": "^0.0.x",
        "@stdlib/utils": "^0.0.x"
      },
      "engines": {
        "node": ">=0.10.0",
        "npm": ">2.7.0"
      },
      "funding": {
        "type": "patreon",
        "url": "https://www.patreon.com/athan"
      }
    },
    "node_modules/@stdlib/process": {
      "version": "0.0.12",
      "license": "Apache-2.0",
      "os": [
        "aix",
        "darwin",
        "freebsd",
        "linux",
        "macos",
        "openbsd",
        "sunos",
        "win32",
        "windows"
      ],
      "dependencies": {
        "@stdlib/assert": "^0.0.x",
        "@stdlib/buffer": "^0.0.x",
        "@stdlib/cli": "^0.0.x",
        "@stdlib/fs": "^0.0.x",
        "@stdlib/streams": "^0.0.x",
        "@stdlib/string": "^0.0.x",
        "@stdlib/utils": "^0.0.x"
      },
      "engines": {
        "node": ">=0.10.0",
        "npm": ">2.7.0"
      },
      "funding": {
        "type": "patreon",
        "url": "https://www.patreon.com/athan"
      }
    },
    "node_modules/@stdlib/random": {
      "version": "0.0.12",
      "resolved": "https://registry.npmjs.org/@stdlib/random/-/random-0.0.12.tgz",
      "integrity": "sha512-c5yND4Ahnm9Jx0I+jsKhn4Yrz10D53ALSrIe3PG1qIz3kNFcIPnmvCuNGd+3V4ch4Mbrez55Y8z/ZC5RJh4vJQ==",
      "os": [
        "aix",
        "darwin",
        "freebsd",
        "linux",
        "macos",
        "openbsd",
        "sunos",
        "win32",
        "windows"
      ],
      "dependencies": {
        "@stdlib/array": "^0.0.x",
        "@stdlib/assert": "^0.0.x",
        "@stdlib/blas": "^0.0.x",
        "@stdlib/buffer": "^0.0.x",
        "@stdlib/cli": "^0.0.x",
        "@stdlib/constants": "^0.0.x",
        "@stdlib/fs": "^0.0.x",
        "@stdlib/math": "^0.0.x",
        "@stdlib/process": "^0.0.x",
        "@stdlib/stats": "^0.0.x",
        "@stdlib/streams": "^0.0.x",
        "@stdlib/symbol": "^0.0.x",
        "@stdlib/types": "^0.0.x",
        "@stdlib/utils": "^0.0.x",
        "debug": "^2.6.9",
        "readable-stream": "^2.1.4"
      },
      "engines": {
        "node": ">=0.10.0",
        "npm": ">2.7.0"
      },
      "funding": {
        "type": "patreon",
        "url": "https://www.patreon.com/athan"
      }
    },
    "node_modules/@stdlib/regexp": {
      "version": "0.0.13",
      "license": "Apache-2.0",
      "os": [
        "aix",
        "darwin",
        "freebsd",
        "linux",
        "macos",
        "openbsd",
        "sunos",
        "win32",
        "windows"
      ],
      "dependencies": {
        "@stdlib/assert": "^0.0.x",
        "@stdlib/utils": "^0.0.x"
      },
      "engines": {
        "node": ">=0.10.0",
        "npm": ">2.7.0"
      },
      "funding": {
        "type": "patreon",
        "url": "https://www.patreon.com/athan"
      }
    },
    "node_modules/@stdlib/stats": {
      "version": "0.0.13",
      "resolved": "https://registry.npmjs.org/@stdlib/stats/-/stats-0.0.13.tgz",
      "integrity": "sha512-hm+t32dKbx/L7+7WlQ1o4NDEzV0J4QSnwFBCsIMIAO8+VPxTZ4FxyNERl4oKlS3hZZe4AVKjoOVhBDtgEWrS4g==",
      "os": [
        "aix",
        "darwin",
        "freebsd",
        "linux",
        "macos",
        "openbsd",
        "sunos",
        "win32",
        "windows"
      ],
      "dependencies": {
        "@stdlib/array": "^0.0.x",
        "@stdlib/assert": "^0.0.x",
        "@stdlib/blas": "^0.0.x",
        "@stdlib/constants": "^0.0.x",
        "@stdlib/math": "^0.0.x",
        "@stdlib/ndarray": "^0.0.x",
        "@stdlib/random": "^0.0.x",
        "@stdlib/string": "^0.0.x",
        "@stdlib/symbol": "^0.0.x",
        "@stdlib/types": "^0.0.x",
        "@stdlib/utils": "^0.0.x"
      },
      "engines": {
        "node": ">=0.10.0",
        "npm": ">2.7.0"
      },
      "funding": {
        "type": "patreon",
        "url": "https://www.patreon.com/athan"
      }
    },
    "node_modules/@stdlib/streams": {
      "version": "0.0.12",
      "license": "Apache-2.0",
      "os": [
        "aix",
        "darwin",
        "freebsd",
        "linux",
        "macos",
        "openbsd",
        "sunos",
        "win32",
        "windows"
      ],
      "dependencies": {
        "@stdlib/assert": "^0.0.x",
        "@stdlib/buffer": "^0.0.x",
        "@stdlib/cli": "^0.0.x",
        "@stdlib/fs": "^0.0.x",
        "@stdlib/types": "^0.0.x",
        "@stdlib/utils": "^0.0.x",
        "debug": "^2.6.9",
        "readable-stream": "^2.1.4"
      },
      "engines": {
        "node": ">=0.10.0",
        "npm": ">2.7.0"
      },
      "funding": {
        "type": "patreon",
        "url": "https://www.patreon.com/athan"
      }
    },
    "node_modules/@stdlib/strided": {
      "version": "0.0.12",
      "license": "Apache-2.0",
      "os": [
        "aix",
        "darwin",
        "freebsd",
        "linux",
        "macos",
        "openbsd",
        "sunos",
        "win32",
        "windows"
      ],
      "dependencies": {
        "@stdlib/assert": "^0.0.x",
        "@stdlib/math": "^0.0.x",
        "@stdlib/ndarray": "^0.0.x",
        "@stdlib/types": "^0.0.x",
        "@stdlib/utils": "^0.0.x"
      },
      "engines": {
        "node": ">=0.10.0",
        "npm": ">2.7.0"
      },
      "funding": {
        "type": "patreon",
        "url": "https://www.patreon.com/athan"
      }
    },
    "node_modules/@stdlib/string": {
      "version": "0.0.14",
      "license": "Apache-2.0",
      "os": [
        "aix",
        "darwin",
        "freebsd",
        "linux",
        "macos",
        "openbsd",
        "sunos",
        "win32",
        "windows"
      ],
      "dependencies": {
        "@stdlib/assert": "^0.0.x",
        "@stdlib/cli": "^0.0.x",
        "@stdlib/constants": "^0.0.x",
        "@stdlib/fs": "^0.0.x",
        "@stdlib/math": "^0.0.x",
        "@stdlib/nlp": "^0.0.x",
        "@stdlib/process": "^0.0.x",
        "@stdlib/regexp": "^0.0.x",
        "@stdlib/streams": "^0.0.x",
        "@stdlib/types": "^0.0.x",
        "@stdlib/utils": "^0.0.x"
      },
      "engines": {
        "node": ">=0.10.0",
        "npm": ">2.7.0"
      },
      "funding": {
        "type": "patreon",
        "url": "https://www.patreon.com/athan"
      }
    },
    "node_modules/@stdlib/symbol": {
      "version": "0.0.12",
      "license": "Apache-2.0",
      "os": [
        "aix",
        "darwin",
        "freebsd",
        "linux",
        "macos",
        "openbsd",
        "sunos",
        "win32",
        "windows"
      ],
      "dependencies": {
        "@stdlib/assert": "^0.0.x",
        "@stdlib/utils": "^0.0.x"
      },
      "engines": {
        "node": ">=0.10.0",
        "npm": ">2.7.0"
      },
      "funding": {
        "type": "patreon",
        "url": "https://www.patreon.com/athan"
      }
    },
    "node_modules/@stdlib/time": {
      "version": "0.0.14",
      "license": "Apache-2.0",
      "os": [
        "aix",
        "darwin",
        "freebsd",
        "linux",
        "macos",
        "openbsd",
        "sunos",
        "win32",
        "windows"
      ],
      "dependencies": {
        "@stdlib/assert": "^0.0.x",
        "@stdlib/cli": "^0.0.x",
        "@stdlib/constants": "^0.0.x",
        "@stdlib/fs": "^0.0.x",
        "@stdlib/math": "^0.0.x",
        "@stdlib/string": "^0.0.x",
        "@stdlib/utils": "^0.0.x"
      },
      "engines": {
        "node": ">=0.10.0",
        "npm": ">2.7.0"
      },
      "funding": {
        "type": "patreon",
        "url": "https://www.patreon.com/athan"
      }
    },
    "node_modules/@stdlib/types": {
      "version": "0.0.14",
      "license": "Apache-2.0",
      "os": [
        "aix",
        "darwin",
        "freebsd",
        "linux",
        "macos",
        "openbsd",
        "sunos",
        "win32",
        "windows"
      ],
      "engines": {
        "node": ">=0.10.0",
        "npm": ">2.7.0"
      },
      "funding": {
        "type": "patreon",
        "url": "https://www.patreon.com/athan"
      }
    },
    "node_modules/@stdlib/utils": {
      "version": "0.0.12",
      "resolved": "https://registry.npmjs.org/@stdlib/utils/-/utils-0.0.12.tgz",
      "integrity": "sha512-+JhFpl6l7RSq/xGnbWRQ5dAL90h9ONj8MViqlb7teBZFtePZLMwoRA1wssypFcJ8SFMRWQn7lPmpYVUkGwRSOg==",
      "os": [
        "aix",
        "darwin",
        "freebsd",
        "linux",
        "macos",
        "openbsd",
        "sunos",
        "win32",
        "windows"
      ],
      "dependencies": {
        "@stdlib/array": "^0.0.x",
        "@stdlib/assert": "^0.0.x",
        "@stdlib/blas": "^0.0.x",
        "@stdlib/buffer": "^0.0.x",
        "@stdlib/cli": "^0.0.x",
        "@stdlib/constants": "^0.0.x",
        "@stdlib/fs": "^0.0.x",
        "@stdlib/math": "^0.0.x",
        "@stdlib/os": "^0.0.x",
        "@stdlib/process": "^0.0.x",
        "@stdlib/random": "^0.0.x",
        "@stdlib/regexp": "^0.0.x",
        "@stdlib/streams": "^0.0.x",
        "@stdlib/string": "^0.0.x",
        "@stdlib/symbol": "^0.0.x",
        "@stdlib/time": "^0.0.x",
        "@stdlib/types": "^0.0.x",
        "debug": "^2.6.9"
      },
      "engines": {
        "node": ">=0.10.0",
        "npm": ">2.7.0"
      },
      "funding": {
        "type": "patreon",
        "url": "https://www.patreon.com/athan"
      }
    },
    "node_modules/core-util-is": {
      "version": "1.0.3",
      "license": "MIT"
    },
    "node_modules/debug": {
      "version": "2.6.9",
      "license": "MIT",
      "dependencies": {
        "ms": "2.0.0"
      }
    },
    "node_modules/inherits": {
      "version": "2.0.4",
      "license": "ISC"
    },
    "node_modules/isarray": {
      "version": "1.0.0",
      "license": "MIT"
    },
    "node_modules/minimist": {
      "version": "1.2.8",
      "license": "MIT",
      "funding": {
        "url": "https://github.com/sponsors/ljharb"
      }
    },
    "node_modules/ms": {
      "version": "2.0.0",
      "license": "MIT"
    },
    "node_modules/process-nextick-args": {
      "version": "2.0.1",
      "license": "MIT"
    },
    "node_modules/readable-stream": {
      "version": "2.3.8",
      "license": "MIT",
      "dependencies": {
        "core-util-is": "~1.0.0",
        "inherits": "~2.0.3",
        "isarray": "~1.0.0",
        "process-nextick-args": "~2.0.0",
        "safe-buffer": "~5.1.1",
        "string_decoder": "~1.1.1",
        "util-deprecate": "~1.0.1"
      }
    },
    "node_modules/safe-buffer": {
      "version": "5.1.2",
      "license": "MIT"
    },
    "node_modules/string_decoder": {
      "version": "1.1.1",
      "license": "MIT",
      "dependencies": {
        "safe-buffer": "~5.1.0"
      }
    },
    "node_modules/util-deprecate": {
      "version": "1.0.2",
      "license": "MIT"
    },
    "node_modules/vdk-jupyterlab-extension-ui-tests": {
      "resolved": "",
      "link": true
    }
  }
}
